# THIS IS AN AUTOGENERATED FILE. DO NOT EDIT THIS FILE DIRECTLY.
# yarn lockfile v1


"@isaacs/cliui@^8.0.2":
  version "8.0.2"
  resolved "https://registry.npmjs.org/@isaacs/cliui/-/cliui-8.0.2.tgz"
  integrity sha512-O8jcjabXaleOG9DQ0+ARXWZBTfnP4WNAqzuiJK7ll44AmxGKv/J2M4TPjxjY3znBCfvBXFzucm1twdyFybFqEA==
  dependencies:
    string-width "^5.1.2"
    string-width-cjs "npm:string-width@^4.2.0"
    strip-ansi "^7.0.1"
    strip-ansi-cjs "npm:strip-ansi@^6.0.1"
    wrap-ansi "^8.1.0"
    wrap-ansi-cjs "npm:wrap-ansi@^7.0.0"

"@solana/accounts@2.0.0":
  version "2.0.0"
  resolved "https://registry.npmjs.org/@solana/accounts/-/accounts-2.0.0.tgz"
  integrity sha512-1CE4P3QSDH5x+ZtSthMY2mn/ekROBnlT3/4f3CHDJicDvLQsgAq2yCvGHsYkK3ZA0mxhFLuhJVjuKASPnmG1rQ==
  dependencies:
    "@solana/addresses" "2.0.0"
    "@solana/codecs-core" "2.0.0"
    "@solana/codecs-strings" "2.0.0"
    "@solana/errors" "2.0.0"
    "@solana/rpc-spec" "2.0.0"
    "@solana/rpc-types" "2.0.0"

"@solana/addresses@2.0.0":
  version "2.0.0"
  resolved "https://registry.npmjs.org/@solana/addresses/-/addresses-2.0.0.tgz"
  integrity sha512-8n3c/mUlH1/z+pM8e7OJ6uDSXw26Be0dgYiokiqblO66DGQ0d+7pqFUFZ5pEGjJ9PU2lDTSfY8rHf4cemOqwzQ==
  dependencies:
    "@solana/assertions" "2.0.0"
    "@solana/codecs-core" "2.0.0"
    "@solana/codecs-strings" "2.0.0"
    "@solana/errors" "2.0.0"

"@solana/assertions@2.0.0":
  version "2.0.0"
  resolved "https://registry.npmjs.org/@solana/assertions/-/assertions-2.0.0.tgz"
  integrity sha512-NyPPqZRNGXs/GAjfgsw7YS6vCTXWt4ibXveS+ciy5sdmp/0v3pA6DlzYjleF9Sljrew0IiON15rjaXamhDxYfQ==
  dependencies:
    "@solana/errors" "2.0.0"

"@solana/codecs-core@2.0.0":
  version "2.0.0"
  resolved "https://registry.npmjs.org/@solana/codecs-core/-/codecs-core-2.0.0.tgz"
  integrity sha512-qCG+3hDU5Pm8V6joJjR4j4Zv9md1z0RaecniNDIkEglnxmOUODnmPLWbtOjnDylfItyuZeDihK8hkewdj8cUtw==
  dependencies:
    "@solana/errors" "2.0.0"

"@solana/codecs-data-structures@2.0.0":
  version "2.0.0"
  resolved "https://registry.npmjs.org/@solana/codecs-data-structures/-/codecs-data-structures-2.0.0.tgz"
  integrity sha512-N98Y4jsrC/XeOgqrfsGqcOFIaOoMsKdAxOmy5oqVaEN67YoGSLNC9ROnqamOAOrsZdicTWx9/YLKFmQi9DPh1A==
  dependencies:
    "@solana/codecs-core" "2.0.0"
    "@solana/codecs-numbers" "2.0.0"
    "@solana/errors" "2.0.0"

"@solana/codecs-numbers@2.0.0":
  version "2.0.0"
  resolved "https://registry.npmjs.org/@solana/codecs-numbers/-/codecs-numbers-2.0.0.tgz"
  integrity sha512-r66i7VzJO1MZkQWZIAI6jjJOFVpnq0+FIabo2Z2ZDtrArFus/SbSEv543yCLeD2tdR/G/p+1+P5On10qF50Y1Q==
  dependencies:
    "@solana/codecs-core" "2.0.0"
    "@solana/errors" "2.0.0"

"@solana/codecs-strings@2.0.0":
  version "2.0.0"
  resolved "https://registry.npmjs.org/@solana/codecs-strings/-/codecs-strings-2.0.0.tgz"
  integrity sha512-dNqeCypsvaHcjW86H0gYgAZGGkKVBeKVeh7WXlOZ9kno7PeQ2wNkpccyzDfuzaIsKv+HZUD3v/eo86GCvnKazQ==
  dependencies:
    "@solana/codecs-core" "2.0.0"
    "@solana/codecs-numbers" "2.0.0"
    "@solana/errors" "2.0.0"

"@solana/codecs@2.0.0":
  version "2.0.0"
  resolved "https://registry.npmjs.org/@solana/codecs/-/codecs-2.0.0.tgz"
  integrity sha512-xneIG5ppE6WIGaZCK7JTys0uLhzlnEJUdBO8nRVIyerwH6aqCfb0fGe7q5WNNYAVDRSxC0Pc1TDe1hpdx3KWmQ==
  dependencies:
    "@solana/codecs-core" "2.0.0"
    "@solana/codecs-data-structures" "2.0.0"
    "@solana/codecs-numbers" "2.0.0"
    "@solana/codecs-strings" "2.0.0"
    "@solana/options" "2.0.0"

"@solana/errors@2.0.0":
  version "2.0.0"
  resolved "https://registry.npmjs.org/@solana/errors/-/errors-2.0.0.tgz"
  integrity sha512-IHlaPFSy4lvYco1oHJ3X8DbchWwAwJaL/4wZKnF1ugwZ0g0re8wbABrqNOe/jyZ84VU9Z14PYM8W9oDAebdJbw==
  dependencies:
    chalk "^5.3.0"
    commander "^12.1.0"

"@solana/fast-stable-stringify@2.0.0":
  version "2.0.0"
  resolved "https://registry.npmjs.org/@solana/fast-stable-stringify/-/fast-stable-stringify-2.0.0.tgz"
  integrity sha512-EsIx9z+eoxOmC+FpzhEb+H67CCYTbs/omAqXD4EdEYnCHWrI1li1oYBV+NoKzfx8fKlX+nzNB7S/9kc4u7Etpw==

"@solana/functional@2.0.0":
  version "2.0.0"
  resolved "https://registry.npmjs.org/@solana/functional/-/functional-2.0.0.tgz"
  integrity sha512-Sj+sLiUTimnMEyGnSLGt0lbih2xPDUhxhonnrIkPwA+hjQ3ULGHAxeevHU06nqiVEgENQYUJ5rCtHs4xhUFAkQ==

"@solana/instructions@2.0.0":
  version "2.0.0"
  resolved "https://registry.npmjs.org/@solana/instructions/-/instructions-2.0.0.tgz"
  integrity sha512-MiTEiNF7Pzp+Y+x4yadl2VUcNHboaW5WP52psBuhHns3GpbbruRv5efMpM9OEQNe1OsN+Eg39vjEidX55+P+DQ==
  dependencies:
    "@solana/errors" "2.0.0"

"@solana/keys@2.0.0":
  version "2.0.0"
  resolved "https://registry.npmjs.org/@solana/keys/-/keys-2.0.0.tgz"
  integrity sha512-SSLSX8BXRvfLKBqsmBghmlhMKpwHeWd5CHi5zXgTS1BRrtiU6lcrTVC9ie6B+WaNNq7oe3e6K5bdbhu3fFZ+0g==
  dependencies:
    "@solana/assertions" "2.0.0"
    "@solana/codecs-core" "2.0.0"
    "@solana/codecs-strings" "2.0.0"
    "@solana/errors" "2.0.0"

"@solana/options@2.0.0":
  version "2.0.0"
  resolved "https://registry.npmjs.org/@solana/options/-/options-2.0.0.tgz"
  integrity sha512-OVc4KnYosB8oAukQ/htgrxXSxlUP6gUu5Aau6d/BgEkPQzWd/Pr+w91VWw3i3zZuu2SGpedbyh05RoJBe/hSXA==
  dependencies:
    "@solana/codecs-core" "2.0.0"
    "@solana/codecs-data-structures" "2.0.0"
    "@solana/codecs-numbers" "2.0.0"
    "@solana/codecs-strings" "2.0.0"
    "@solana/errors" "2.0.0"

"@solana/programs@2.0.0":
  version "2.0.0"
  resolved "https://registry.npmjs.org/@solana/programs/-/programs-2.0.0.tgz"
  integrity sha512-JPIKB61pWfODnsvEAaPALc6vR5rn7kmHLpFaviWhBtfUlEVgB8yVTR0MURe4+z+fJCPRV5wWss+svA4EeGDYzQ==
  dependencies:
    "@solana/addresses" "2.0.0"
    "@solana/errors" "2.0.0"

"@solana/promises@2.0.0":
  version "2.0.0"
  resolved "https://registry.npmjs.org/@solana/promises/-/promises-2.0.0.tgz"
  integrity sha512-4teQ52HDjK16ORrZe1zl+Q9WcZdQ+YEl0M1gk59XG7D0P9WqaVEQzeXGnKSCs+Y9bnB1u5xCJccwpUhHYWq6gg==

"@solana/rpc-api@2.0.0":
  version "2.0.0"
  resolved "https://registry.npmjs.org/@solana/rpc-api/-/rpc-api-2.0.0.tgz"
  integrity sha512-1FwitYxwADMF/6zKP2kNXg8ESxB6GhNBNW1c4f5dEmuXuBbeD/enLV3WMrpg8zJkIaaYarEFNbt7R7HyFzmURQ==
  dependencies:
    "@solana/addresses" "2.0.0"
    "@solana/codecs-core" "2.0.0"
    "@solana/codecs-strings" "2.0.0"
    "@solana/errors" "2.0.0"
    "@solana/keys" "2.0.0"
    "@solana/rpc-parsed-types" "2.0.0"
    "@solana/rpc-spec" "2.0.0"
    "@solana/rpc-transformers" "2.0.0"
    "@solana/rpc-types" "2.0.0"
    "@solana/transaction-messages" "2.0.0"
    "@solana/transactions" "2.0.0"

"@solana/rpc-parsed-types@2.0.0":
  version "2.0.0"
  resolved "https://registry.npmjs.org/@solana/rpc-parsed-types/-/rpc-parsed-types-2.0.0.tgz"
  integrity sha512-VCeY/oKVEtBnp8EDOc5LSSiOeIOLFIgLndcxqU0ij/cZaQ01DOoHbhluvhZtU80Z3dUeicec8TiMgkFzed+WhQ==

"@solana/rpc-spec-types@2.0.0":
  version "2.0.0"
  resolved "https://registry.npmjs.org/@solana/rpc-spec-types/-/rpc-spec-types-2.0.0.tgz"
  integrity sha512-G2lmhFhgtxMQd/D6B04BHGE7bm5dMZdIPQNOqVGhzNAVjrmyapD3JN2hKAbmaYPe97wLfZERw0Ux1u4Y6q7TqA==

"@solana/rpc-spec@2.0.0":
  version "2.0.0"
  resolved "https://registry.npmjs.org/@solana/rpc-spec/-/rpc-spec-2.0.0.tgz"
  integrity sha512-1uIDzj7vocCUqfOifjv1zAuxQ53ugiup/42edVFoQLOnJresoEZLL6WjnsJq4oCTccEAvGhUBI1WWKeZTGNxFQ==
  dependencies:
    "@solana/errors" "2.0.0"
    "@solana/rpc-spec-types" "2.0.0"

"@solana/rpc-subscriptions-api@2.0.0":
  version "2.0.0"
  resolved "https://registry.npmjs.org/@solana/rpc-subscriptions-api/-/rpc-subscriptions-api-2.0.0.tgz"
  integrity sha512-NAJQvSFXYIIf8zxsMFBCkSbZNZgT32pzPZ1V6ZAd+U2iDEjx3L+yFwoJgfOcHp8kAV+alsF2lIsGBlG4u+ehvw==
  dependencies:
    "@solana/addresses" "2.0.0"
    "@solana/keys" "2.0.0"
    "@solana/rpc-subscriptions-spec" "2.0.0"
    "@solana/rpc-transformers" "2.0.0"
    "@solana/rpc-types" "2.0.0"
    "@solana/transaction-messages" "2.0.0"
    "@solana/transactions" "2.0.0"

"@solana/rpc-subscriptions-channel-websocket@2.0.0":
  version "2.0.0"
  resolved "https://registry.npmjs.org/@solana/rpc-subscriptions-channel-websocket/-/rpc-subscriptions-channel-websocket-2.0.0.tgz"
  integrity sha512-hSQDZBmcp2t+gLZsSBqs/SqVw4RuNSC7njiP46azyzW7oGg8X2YPV36AHGsHD12KPsc0UpT1OAZ4+AN9meVKww==
  dependencies:
    "@solana/errors" "2.0.0"
    "@solana/functional" "2.0.0"
    "@solana/rpc-subscriptions-spec" "2.0.0"
    "@solana/subscribable" "2.0.0"

"@solana/rpc-subscriptions-spec@2.0.0":
  version "2.0.0"
  resolved "https://registry.npmjs.org/@solana/rpc-subscriptions-spec/-/rpc-subscriptions-spec-2.0.0.tgz"
  integrity sha512-VXMiI3fYtU1PkVVTXL87pcY48ZY8aCi1N6FqtxSP2xg/GASL01j1qbwyIL1OvoCqGyRgIxdd/YfaByW9wmWBhA==
  dependencies:
    "@solana/errors" "2.0.0"
    "@solana/promises" "2.0.0"
    "@solana/rpc-spec-types" "2.0.0"
    "@solana/subscribable" "2.0.0"

"@solana/rpc-subscriptions@2.0.0":
  version "2.0.0"
  resolved "https://registry.npmjs.org/@solana/rpc-subscriptions/-/rpc-subscriptions-2.0.0.tgz"
  integrity sha512-AdwMJHMrhlj7q1MPjZmVcKq3iLqMW3N0MT8kzIAP2vP+8o/d6Fn4aqGxoz2Hlfn3OYIZoYStN2VBtwzbcfEgMA==
  dependencies:
    "@solana/errors" "2.0.0"
    "@solana/fast-stable-stringify" "2.0.0"
    "@solana/functional" "2.0.0"
    "@solana/promises" "2.0.0"
    "@solana/rpc-spec-types" "2.0.0"
    "@solana/rpc-subscriptions-api" "2.0.0"
    "@solana/rpc-subscriptions-channel-websocket" "2.0.0"
    "@solana/rpc-subscriptions-spec" "2.0.0"
    "@solana/rpc-transformers" "2.0.0"
    "@solana/rpc-types" "2.0.0"
    "@solana/subscribable" "2.0.0"

"@solana/rpc-transformers@2.0.0":
  version "2.0.0"
  resolved "https://registry.npmjs.org/@solana/rpc-transformers/-/rpc-transformers-2.0.0.tgz"
  integrity sha512-H6tN0qcqzUangowsLLQtYXKJsf1Roe3/qJ1Cy0gv9ojY9uEvNbJqpeEj+7blv0MUZfEe+rECAwBhxxRKPMhYGw==
  dependencies:
    "@solana/errors" "2.0.0"
    "@solana/functional" "2.0.0"
    "@solana/rpc-spec-types" "2.0.0"
    "@solana/rpc-types" "2.0.0"

"@solana/rpc-transport-http@2.0.0":
  version "2.0.0"
  resolved "https://registry.npmjs.org/@solana/rpc-transport-http/-/rpc-transport-http-2.0.0.tgz"
  integrity sha512-UJLhKhhxDd1OPi8hb2AenHsDm1mofCBbhWn4bDCnH2Q3ulwYadUhcNqNbxjJPQ774VNhAf53SSI5A6PQo8IZSQ==
  dependencies:
    "@solana/errors" "2.0.0"
    "@solana/rpc-spec" "2.0.0"
    "@solana/rpc-spec-types" "2.0.0"
    undici-types "^6.20.0"

"@solana/rpc-types@2.0.0":
  version "2.0.0"
  resolved "https://registry.npmjs.org/@solana/rpc-types/-/rpc-types-2.0.0.tgz"
  integrity sha512-o1ApB9PYR0A3XjVSOh//SOVWgjDcqMlR3UNmtqciuREIBmWqnvPirdOa5EJxD3iPhfA4gnNnhGzT+tMDeDW/Kw==
  dependencies:
    "@solana/addresses" "2.0.0"
    "@solana/codecs-core" "2.0.0"
    "@solana/codecs-numbers" "2.0.0"
    "@solana/codecs-strings" "2.0.0"
    "@solana/errors" "2.0.0"

"@solana/rpc@2.0.0":
  version "2.0.0"
  resolved "https://registry.npmjs.org/@solana/rpc/-/rpc-2.0.0.tgz"
  integrity sha512-TumQ9DFRpib/RyaIqLVfr7UjqSo7ldfzpae0tgjM93YjbItB4Z0VcUXc3uAFvkeYw2/HIMb46Zg43mkUwozjDg==
  dependencies:
    "@solana/errors" "2.0.0"
    "@solana/fast-stable-stringify" "2.0.0"
    "@solana/functional" "2.0.0"
    "@solana/rpc-api" "2.0.0"
    "@solana/rpc-spec" "2.0.0"
    "@solana/rpc-spec-types" "2.0.0"
    "@solana/rpc-transformers" "2.0.0"
    "@solana/rpc-transport-http" "2.0.0"
    "@solana/rpc-types" "2.0.0"

"@solana/signers@2.0.0":
  version "2.0.0"
  resolved "https://registry.npmjs.org/@solana/signers/-/signers-2.0.0.tgz"
  integrity sha512-JEYJS3x/iKkqPV/3b1nLpX9lHib21wQKV3fOuu1aDLQqmX9OYKrnIIITYdnFDhmvGhpEpkkbPnqu7yVaFIBYsQ==
  dependencies:
    "@solana/addresses" "2.0.0"
    "@solana/codecs-core" "2.0.0"
    "@solana/errors" "2.0.0"
    "@solana/instructions" "2.0.0"
    "@solana/keys" "2.0.0"
    "@solana/transaction-messages" "2.0.0"
    "@solana/transactions" "2.0.0"

"@solana/subscribable@2.0.0":
  version "2.0.0"
  resolved "https://registry.npmjs.org/@solana/subscribable/-/subscribable-2.0.0.tgz"
  integrity sha512-Ex7d2GnTSNVMZDU3z6nKN4agRDDgCgBDiLnmn1hmt0iFo3alr3gRAqiqa7qGouAtYh9/29pyc8tVJCijHWJPQQ==
  dependencies:
    "@solana/errors" "2.0.0"

"@solana/sysvars@2.0.0":
  version "2.0.0"
  resolved "https://registry.npmjs.org/@solana/sysvars/-/sysvars-2.0.0.tgz"
  integrity sha512-8D4ajKcCYQsTG1p4k30lre2vjxLR6S5MftUGJnIaQObDCzGmaeA9GRti4Kk4gSPWVYFTBoj1ASx8EcEXaB3eIQ==
  dependencies:
    "@solana/accounts" "2.0.0"
    "@solana/codecs" "2.0.0"
    "@solana/errors" "2.0.0"
    "@solana/rpc-types" "2.0.0"

"@solana/transaction-confirmation@2.0.0":
  version "2.0.0"
  resolved "https://registry.npmjs.org/@solana/transaction-confirmation/-/transaction-confirmation-2.0.0.tgz"
  integrity sha512-JkTw5gXLiqQjf6xK0fpVcoJ/aMp2kagtFSD/BAOazdJ3UYzOzbzqvECt6uWa3ConcMswQ2vXalVtI7ZjmYuIeg==
  dependencies:
    "@solana/addresses" "2.0.0"
    "@solana/codecs-strings" "2.0.0"
    "@solana/errors" "2.0.0"
    "@solana/keys" "2.0.0"
    "@solana/promises" "2.0.0"
    "@solana/rpc" "2.0.0"
    "@solana/rpc-subscriptions" "2.0.0"
    "@solana/rpc-types" "2.0.0"
    "@solana/transaction-messages" "2.0.0"
    "@solana/transactions" "2.0.0"

"@solana/transaction-messages@2.0.0":
  version "2.0.0"
  resolved "https://registry.npmjs.org/@solana/transaction-messages/-/transaction-messages-2.0.0.tgz"
  integrity sha512-Uc6Fw1EJLBrmgS1lH2ZfLAAKFvprWPQQzOVwZS78Pv8Whsk7tweYTK6S0Upv0nHr50rGpnORJfmdBrXE6OfNGg==
  dependencies:
    "@solana/addresses" "2.0.0"
    "@solana/codecs-core" "2.0.0"
    "@solana/codecs-data-structures" "2.0.0"
    "@solana/codecs-numbers" "2.0.0"
    "@solana/errors" "2.0.0"
    "@solana/functional" "2.0.0"
    "@solana/instructions" "2.0.0"
    "@solana/rpc-types" "2.0.0"

"@solana/transactions@2.0.0":
  version "2.0.0"
  resolved "https://registry.npmjs.org/@solana/transactions/-/transactions-2.0.0.tgz"
  integrity sha512-VfdTE+59WKvuBG//6iE9RPjAB+ZT2kLgY2CDHabaz6RkH6OjOkMez9fWPVa3Xtcus+YQWN1SnQoryjF/xSx04w==
  dependencies:
    "@solana/addresses" "2.0.0"
    "@solana/codecs-core" "2.0.0"
    "@solana/codecs-data-structures" "2.0.0"
    "@solana/codecs-numbers" "2.0.0"
    "@solana/codecs-strings" "2.0.0"
    "@solana/errors" "2.0.0"
    "@solana/functional" "2.0.0"
    "@solana/instructions" "2.0.0"
    "@solana/keys" "2.0.0"
    "@solana/rpc-types" "2.0.0"
    "@solana/transaction-messages" "2.0.0"

"@solana/web3.js@^2.0.0":
  version "2.0.0"
  resolved "https://registry.npmjs.org/@solana/web3.js/-/web3.js-2.0.0.tgz"
  integrity sha512-x+ZRB2/r5tVK/xw8QRbAfgPcX51G9f2ifEyAQ/J5npOO+6+MPeeCjtr5UxHNDAYs9Ypo0PN+YJATCO4vhzQJGg==
  dependencies:
    "@solana/accounts" "2.0.0"
    "@solana/addresses" "2.0.0"
    "@solana/codecs" "2.0.0"
    "@solana/errors" "2.0.0"
    "@solana/functional" "2.0.0"
    "@solana/instructions" "2.0.0"
    "@solana/keys" "2.0.0"
    "@solana/programs" "2.0.0"
    "@solana/rpc" "2.0.0"
    "@solana/rpc-parsed-types" "2.0.0"
    "@solana/rpc-spec-types" "2.0.0"
    "@solana/rpc-subscriptions" "2.0.0"
    "@solana/rpc-types" "2.0.0"
    "@solana/signers" "2.0.0"
    "@solana/sysvars" "2.0.0"
    "@solana/transaction-confirmation" "2.0.0"
    "@solana/transaction-messages" "2.0.0"
    "@solana/transactions" "2.0.0"

ansi-regex@^5.0.1:
  version "5.0.1"
  resolved "https://registry.npmjs.org/ansi-regex/-/ansi-regex-5.0.1.tgz"
  integrity sha512-quJQXlTSUGL2LH9SUXo8VwsY4soanhgo6LNSm84E1LBcE8s3O0wpdiRzyR9z/ZZJMlMWv37qOOb9pdJlMUEKFQ==

ansi-regex@^6.0.1:
  version "6.1.0"
  resolved "https://registry.npmjs.org/ansi-regex/-/ansi-regex-6.1.0.tgz"
  integrity sha512-7HSX4QQb4CspciLpVFwyRe79O3xsIZDDLER21kERQ71oaPodF8jL725AgJMFAYbooIqolJoRLuM81SpeUkpkvA==

ansi-styles@^4.0.0:
  version "4.3.0"
  resolved "https://registry.npmjs.org/ansi-styles/-/ansi-styles-4.3.0.tgz"
  integrity sha512-zbB9rCJAT1rbjiVDb2hqKFHNYLxgtk8NURxZ3IZwD3F6NtxbXZQCnnSi1Lkx+IDohdPlFp222wVALIheZJQSEg==
  dependencies:
    color-convert "^2.0.1"

ansi-styles@^6.1.0:
  version "6.2.1"
  resolved "https://registry.npmjs.org/ansi-styles/-/ansi-styles-6.2.1.tgz"
  integrity sha512-bN798gFfQX+viw3R7yrGWRqnrN2oRkEkUjjl4JNn4E8GxxbjtG3FbrEIIY3l8/hrwUwIeCZvi4QuOTP4MErVug==

balanced-match@^1.0.0:
  version "1.0.2"
  resolved "https://registry.npmjs.org/balanced-match/-/balanced-match-1.0.2.tgz"
  integrity sha512-3oSeUO0TMV67hN1AmbXsK4yaqU7tjiHlbxRDZOpH0KW9+CeX4bRAaX0Anxt0tx2MrpRpWwQaPwIlISEJhYU5Pw==

brace-expansion@^2.0.1:
  version "2.0.1"
  resolved "https://registry.npmjs.org/brace-expansion/-/brace-expansion-2.0.1.tgz"
  integrity sha512-XnAIvQ8eM+kC6aULx6wuQiwVsnzsi9d3WxzV3FpWTGA19F621kwdbsAcFKXgKUHZWsy+mY6iL1sHTxWEFCytDA==
  dependencies:
    balanced-match "^1.0.0"

chalk@^5.3.0:
  version "5.3.0"
  resolved "https://registry.npmjs.org/chalk/-/chalk-5.3.0.tgz"
  integrity sha512-dLitG79d+GV1Nb/VYcCDFivJeK1hiukt9QjRNVOsUtTy1rR1YJsmpGGTZ3qJos+uw7WmWF4wUwBd9jxjocFC2w==

color-convert@^2.0.1:
  version "2.0.1"
  resolved "https://registry.npmjs.org/color-convert/-/color-convert-2.0.1.tgz"
  integrity sha512-RRECPsj7iu/xb5oKYcsFHSppFNnsj/52OVTRKb4zP5onXwVF3zVmmToNcOfGC+CRDpfK/U584fMg38ZHCaElKQ==
  dependencies:
    color-name "~1.1.4"

color-name@~1.1.4:
  version "1.1.4"
  resolved "https://registry.npmjs.org/color-name/-/color-name-1.1.4.tgz"
  integrity sha512-dOy+3AuW3a2wNbZHIuMZpTcgjGuLU/uBL/ubcZF9OXbDo8ff4O8yVp5Bf0efS8uEoYo5q4Fx7dY9OgQGXgAsQA==

commander@^12.1.0:
  version "12.1.0"
  resolved "https://registry.npmjs.org/commander/-/commander-12.1.0.tgz"
  integrity sha512-Vw8qHK3bZM9y/P10u3Vib8o/DdkvA2OtPtZvD871QKjy74Wj1WSKFILMPRPSdUSx5RFK1arlJzEtA4PkFgnbuA==

cross-spawn@^7.0.0:
  version "7.0.6"
  resolved "https://registry.npmjs.org/cross-spawn/-/cross-spawn-7.0.6.tgz"
  integrity sha512-uV2QOWP2nWzsy2aMp8aRibhi9dlzF5Hgh5SHaB9OiTGEyDTiJJyx0uy51QXdyWbtAHNua4XJzUKca3OzKUd3vA==
  dependencies:
    path-key "^3.1.0"
    shebang-command "^2.0.0"
    which "^2.0.1"

eastasianwidth@^0.2.0:
  version "0.2.0"
  resolved "https://registry.npmjs.org/eastasianwidth/-/eastasianwidth-0.2.0.tgz"
  integrity sha512-I88TYZWc9XiYHRQ4/3c5rjjfgkjhLyW2luGIheGERbNQ6OY7yTybanSpDXZa8y7VUP9YmDcYa+eyq4ca7iLqWA==

emoji-regex@^8.0.0:
  version "8.0.0"
  resolved "https://registry.npmjs.org/emoji-regex/-/emoji-regex-8.0.0.tgz"
  integrity sha512-MSjYzcWNOA0ewAHpz0MxpYFvwg6yjy1NG3xteoqz644VCo/RPgnr1/GGt+ic3iJTzQ8Eu3TdM14SawnVUmGE6A==

emoji-regex@^9.2.2:
  version "9.2.2"
  resolved "https://registry.npmjs.org/emoji-regex/-/emoji-regex-9.2.2.tgz"
  integrity sha512-L18DaJsXSUk2+42pv8mLs5jJT2hqFkFE4j21wOmgbUqsZ2hL72NsUU785g9RXgo3s0ZNgVl42TiHp3ZtOv/Vyg==

fastestsmallesttextencoderdecoder@^1.0.22:
  version "1.0.22"
  resolved "https://registry.npmjs.org/fastestsmallesttextencoderdecoder/-/fastestsmallesttextencoderdecoder-1.0.22.tgz"
  integrity sha512-Pb8d48e+oIuY4MaM64Cd7OW1gt4nxCHs7/ddPPZ/Ic3sg8yVGM7O9wDvZ7us6ScaUupzM+pfBolwtYhN1IxBIw==

foreground-child@^3.1.0:
  version "3.3.0"
  resolved "https://registry.npmjs.org/foreground-child/-/foreground-child-3.3.0.tgz"
  integrity sha512-Ld2g8rrAyMYFXBhEqMz8ZAHBi4J4uS1i/CxGMDnjyFWddMXLVcDp051DZfu+t7+ab7Wv6SMqpWmyFIj5UbfFvg==
  dependencies:
    cross-spawn "^7.0.0"
    signal-exit "^4.0.1"

glob@^11.0.0:
  version "11.0.0"
  resolved "https://registry.npmjs.org/glob/-/glob-11.0.0.tgz"
  integrity sha512-9UiX/Bl6J2yaBbxKoEBRm4Cipxgok8kQYcOPEhScPwebu2I0HoQOuYdIO6S3hLuWoZgpDpwQZMzTFxgpkyT76g==
  dependencies:
    foreground-child "^3.1.0"
    jackspeak "^4.0.1"
    minimatch "^10.0.0"
    minipass "^7.1.2"
    package-json-from-dist "^1.0.0"
    path-scurry "^2.0.0"

is-fullwidth-code-point@^3.0.0:
  version "3.0.0"
  resolved "https://registry.npmjs.org/is-fullwidth-code-point/-/is-fullwidth-code-point-3.0.0.tgz"
  integrity sha512-zymm5+u+sCsSWyD9qNaejV3DFvhCKclKdizYaJUuHA83RLjb7nSuGnddCHGv0hk+KY7BMAlsWeK4Ueg6EV6XQg==

isexe@^2.0.0:
  version "2.0.0"
  resolved "https://registry.npmjs.org/isexe/-/isexe-2.0.0.tgz"
  integrity sha512-RHxMLp9lnKHGHRng9QFhRCMbYAcVpn69smSGcq3f36xjgVVWThj4qqLbTLlq7Ssj8B+fIQ1EuCEGI2lKsyQeIw==

jackspeak@^4.0.1:
  version "4.0.2"
  resolved "https://registry.npmjs.org/jackspeak/-/jackspeak-4.0.2.tgz"
  integrity sha512-bZsjR/iRjl1Nk1UkjGpAzLNfQtzuijhn2g+pbZb98HQ1Gk8vM9hfbxeMBP+M2/UUdwj0RqGG3mlvk2MsAqwvEw==
  dependencies:
    "@isaacs/cliui" "^8.0.2"

lru-cache@^11.0.0:
  version "11.0.2"
  resolved "https://registry.npmjs.org/lru-cache/-/lru-cache-11.0.2.tgz"
  integrity sha512-123qHRfJBmo2jXDbo/a5YOQrJoHF/GNQTLzQ5+IdK5pWpceK17yRc6ozlWd25FxvGKQbIUs91fDFkXmDHTKcyA==

minimatch@^10.0.0:
  version "10.0.1"
  resolved "https://registry.npmjs.org/minimatch/-/minimatch-10.0.1.tgz"
  integrity sha512-ethXTt3SGGR+95gudmqJ1eNhRO7eGEGIgYA9vnPatK4/etz2MEVDno5GMCibdMTuBMyElzIlgxMna3K94XDIDQ==
  dependencies:
    brace-expansion "^2.0.1"

minipass@^7.1.2:
  version "7.1.2"
  resolved "https://registry.npmjs.org/minipass/-/minipass-7.1.2.tgz"
  integrity sha512-qOOzS1cBTWYF4BH8fVePDBOO9iptMnGUEZwNc/cMWnTV2nVLZ7VoNWEPHkYczZA0pdoA7dl6e7FL659nX9S2aw==

package-json-from-dist@^1.0.0:
  version "1.0.1"
  resolved "https://registry.npmjs.org/package-json-from-dist/-/package-json-from-dist-1.0.1.tgz"
  integrity sha512-UEZIS3/by4OC8vL3P2dTXRETpebLI2NiI5vIrjaD/5UtrkFX/tNbwjTSRAGC/+7CAo2pIcBaRgWmcBBHcsaCIw==

path-key@^3.1.0:
  version "3.1.1"
  resolved "https://registry.npmjs.org/path-key/-/path-key-3.1.1.tgz"
  integrity sha512-ojmeN0qd+y0jszEtoY48r0Peq5dwMEkIlCOu6Q5f41lfkswXuKtYrhgoTpLnyIcHm24Uhqx+5Tqm2InSwLhE6Q==

path-scurry@^2.0.0:
  version "2.0.0"
  resolved "https://registry.npmjs.org/path-scurry/-/path-scurry-2.0.0.tgz"
  integrity sha512-ypGJsmGtdXUOeM5u93TyeIEfEhM6s+ljAhrk5vAvSx8uyY/02OvrZnA0YNGUrPXfpJMgI1ODd3nwz8Npx4O4cg==
  dependencies:
    lru-cache "^11.0.0"
    minipass "^7.1.2"

rimraf@^6.0.1:
  version "6.0.1"
  resolved "https://registry.npmjs.org/rimraf/-/rimraf-6.0.1.tgz"
  integrity sha512-9dkvaxAsk/xNXSJzMgFqqMCuFgt2+KsOFek3TMLfo8NCPfWpBmqwyNn5Y+NX56QUYfCtsyhF3ayiboEoUmJk/A==
  dependencies:
    glob "^11.0.0"
    package-json-from-dist "^1.0.0"

shebang-command@^2.0.0:
  version "2.0.0"
  resolved "https://registry.npmjs.org/shebang-command/-/shebang-command-2.0.0.tgz"
  integrity sha512-kHxr2zZpYtdmrN1qDjrrX/Z1rR1kG8Dx+gkpK1G4eXmvXswmcE1hTWBWYUzlraYw1/yZp6YuDY77YtvbN0dmDA==
  dependencies:
    shebang-regex "^3.0.0"

shebang-regex@^3.0.0:
  version "3.0.0"
  resolved "https://registry.npmjs.org/shebang-regex/-/shebang-regex-3.0.0.tgz"
  integrity sha512-7++dFhtcx3353uBaq8DDR4NuxBetBzC7ZQOhmTQInHEd6bSrXdiEyzCvG07Z44UYdLShWUyXt5M/yhz8ekcb1A==

signal-exit@^4.0.1:
  version "4.1.0"
  resolved "https://registry.npmjs.org/signal-exit/-/signal-exit-4.1.0.tgz"
  integrity sha512-bzyZ1e88w9O1iNJbKnOlvYTrWPDl46O1bG0D3XInv+9tkPrxrN8jUUTiFlDkkmKWgn1M6CfIA13SuGqOa9Korw==

"string-width-cjs@npm:string-width@^4.2.0":
  version "4.2.3"
  resolved "https://registry.npmjs.org/string-width/-/string-width-4.2.3.tgz"
  integrity sha512-wKyQRQpjJ0sIp62ErSZdGsjMJWsap5oRNihHhu6G7JVO/9jIB6UyevL+tXuOqrng8j/cxKTWyWUwvSTriiZz/g==
  dependencies:
    emoji-regex "^8.0.0"
    is-fullwidth-code-point "^3.0.0"
    strip-ansi "^6.0.1"

string-width@^4.1.0:
  version "4.2.3"
  resolved "https://registry.npmjs.org/string-width/-/string-width-4.2.3.tgz"
  integrity sha512-wKyQRQpjJ0sIp62ErSZdGsjMJWsap5oRNihHhu6G7JVO/9jIB6UyevL+tXuOqrng8j/cxKTWyWUwvSTriiZz/g==
  dependencies:
    emoji-regex "^8.0.0"
    is-fullwidth-code-point "^3.0.0"
    strip-ansi "^6.0.1"

string-width@^5.0.1, string-width@^5.1.2:
  version "5.1.2"
  resolved "https://registry.npmjs.org/string-width/-/string-width-5.1.2.tgz"
  integrity sha512-HnLOCR3vjcY8beoNLtcjZ5/nxn2afmME6lhrDrebokqMap+XbeW8n9TXpPDOqdGK5qcI3oT0GKTW6wC7EMiVqA==
  dependencies:
    eastasianwidth "^0.2.0"
    emoji-regex "^9.2.2"
    strip-ansi "^7.0.1"

"strip-ansi-cjs@npm:strip-ansi@^6.0.1":
  version "6.0.1"
  resolved "https://registry.npmjs.org/strip-ansi/-/strip-ansi-6.0.1.tgz"
  integrity sha512-Y38VPSHcqkFrCpFnQ9vuSXmquuv5oXOKpGeT6aGrr3o3Gc9AlVa6JBfUSOCnbxGGZF+/0ooI7KrPuUSztUdU5A==
  dependencies:
    ansi-regex "^5.0.1"

strip-ansi@^6.0.0, strip-ansi@^6.0.1:
  version "6.0.1"
  resolved "https://registry.npmjs.org/strip-ansi/-/strip-ansi-6.0.1.tgz"
  integrity sha512-Y38VPSHcqkFrCpFnQ9vuSXmquuv5oXOKpGeT6aGrr3o3Gc9AlVa6JBfUSOCnbxGGZF+/0ooI7KrPuUSztUdU5A==
  dependencies:
    ansi-regex "^5.0.1"

strip-ansi@^7.0.1:
  version "7.1.0"
  resolved "https://registry.npmjs.org/strip-ansi/-/strip-ansi-7.1.0.tgz"
  integrity sha512-iq6eVVI64nQQTRYq2KtEg2d2uU7LElhTJwsH4YzIHZshxlgZms/wIc4VoDQTlG/IvVIrBKG06CrZnp0qv7hkcQ==
  dependencies:
    ansi-regex "^6.0.1"

typescript@^5.7.2, typescript@>=5:
  version "5.7.2"
  resolved "https://registry.npmjs.org/typescript/-/typescript-5.7.2.tgz"
  integrity sha512-i5t66RHxDvVN40HfDd1PsEThGNnlMCMT3jMUuoh9/0TaqWevNontacunWyN02LA9/fIbEWlcHZcgTKb9QoaLfg==

undici-types@^6.20.0:
  version "6.21.0"
  resolved "https://registry.npmjs.org/undici-types/-/undici-types-6.21.0.tgz"
  integrity sha512-iwDZqg0QAGrg9Rav5H4n0M64c3mkR59cJ6wQp+7C4nI0gsmExaedaYLNO44eT4AtBBwjbTiGPMlt2Md0T9H9JQ==

which@^2.0.1:
  version "2.0.2"
  resolved "https://registry.npmjs.org/which/-/which-2.0.2.tgz"
  integrity sha512-BLI3Tl1TW3Pvl70l3yq3Y64i+awpwXqsGBYWkkqMtnbXgrMD+yj7rhW0kuEDxzJaYXGjEW5ogapKNMEKNMjibA==
  dependencies:
    isexe "^2.0.0"

"wrap-ansi-cjs@npm:wrap-ansi@^7.0.0":
  version "7.0.0"
  resolved "https://registry.npmjs.org/wrap-ansi/-/wrap-ansi-7.0.0.tgz"
  integrity sha512-YVGIj2kamLSTxw6NsZjoBxfSwsn0ycdesmc4p+Q21c5zPuZ1pl+NfxVdxPtdHvmNVOQ6XSYG4AUtyt/Fi7D16Q==
  dependencies:
    ansi-styles "^4.0.0"
    string-width "^4.1.0"
    strip-ansi "^6.0.0"

wrap-ansi@^8.1.0:
  version "8.1.0"
  resolved "https://registry.npmjs.org/wrap-ansi/-/wrap-ansi-8.1.0.tgz"
  integrity sha512-si7QWI6zUMq56bESFvagtmzMdGOtoxfR+Sez11Mobfc7tm+VkUckk9bW2UeffTGVUbOksxmSw0AA2gs8g71NCQ==
  dependencies:
    ansi-styles "^6.1.0"
    string-width "^5.0.1"
    strip-ansi "^7.0.1"

ws@^8.18.0:
  version "8.18.0"
  resolved "https://registry.npmjs.org/ws/-/ws-8.18.0.tgz"
  integrity sha512-8VbfWfHLbbwu3+N6OKsOMpBdT4kXPDDB9cJk2bJ6mh9ucxdlnNvH1e+roYkKmN9Nxw2yjz7VzeO9oOz2zJ04Pw==
